<Solution>
  <Folder Name="/src/">
    <Project Path="src/RulesetEngine.Api/RulesetEngine.Api.csproj" />
    <Project Path="src/RulesetEngine.Application/RulesetEngine.Application.csproj" />
    <Project Path="src/RulesetEngine.Domain/RulesetEngine.Domain.csproj" />
    <Project Path="src/RulesetEngine.Infrastructure/RulesetEngine.Infrastructure.csproj" />
  </Folder>
  <Folder Name="/tests/">
    <Project Path="tests/RulesetEngine.Tests/RulesetEngine.Tests.csproj" />
  </Folder>
</Solution>
